golang.org/x/crypto v0.0.0-20220307211146-efcb8507fb70 h1:syTAU9FwmvzEoIYMqcPHOcVm4H3U5u90WsvuYgwpETU=
golang.org/x/crypto v0.0.0-20220307211146-efcb8507fb70/go.mod h1:IxCIyHEi3zRg3s0A5j5BB6A9Jmi73HwBIUl50j+osU4=
golang.org/x/sys v0.0.0-20210615035016-665e8c7367d1 h1:SrN+KX8Art/Sf4HNj6Zcz06G7VEz+7w9tdXTPOZ7+l4=
golang.org/x/sys v0.0.0-20210615035016-665e8c7367d1/go.mod h1:oPkhp1MJrh7nUepCBck5+mAzfO9JrbApNNgaTdGDITg=
gopkg.in/ini.v1 v1.66.4 h1:SsAcf+mM7mRZo2nJNGt8mZCjG8ZRaNGMURJw7BsIST4=
gopkg.in/ini.v1 v1.66.4/go.mod h1:pNLf8WUiyNEtQjuu5G5vTm06TEv9tsIgeAvK8hOrP4k=
